// !$*UTF8*$!
{
	archiveVersion = 1;
	classes = {
	};
	objectVersion = 50;
	objects = {

/* Begin PBXBuildFile section */
		38184739215B8DA500ECA400 /* AppDelegate.swift in Sources */ = {isa = PBXBuildFile; fileRef = 38184738215B8DA500ECA400 /* AppDelegate.swift */; };
		3818473E215B8DA500ECA400 /* Main.storyboard in Resources */ = {isa = PBXBuildFile; fileRef = 3818473C215B8DA500ECA400 /* Main.storyboard */; };
		38184740215B8DA700ECA400 /* Assets.xcassets in Resources */ = {isa = PBXBuildFile; fileRef = 3818473F215B8DA700ECA400 /* Assets.xcassets */; };
		38184743215B8DA700ECA400 /* LaunchScreen.storyboard in Resources */ = {isa = PBXBuildFile; fileRef = 38184741215B8DA700ECA400 /* LaunchScreen.storyboard */; };
		3818474C215B92DC00ECA400 /* ImageGalleryCollectionViewController.swift in Sources */ = {isa = PBXBuildFile; fileRef = 3818474B215B92DC00ECA400 /* ImageGalleryCollectionViewController.swift */; };
		3818474E215B97FC00ECA400 /* GalleryImage.swift in Sources */ = {isa = PBXBuildFile; fileRef = 3818474D215B97FC00ECA400 /* GalleryImage.swift */; };
		38184750215BA64100ECA400 /* ImageCollectionViewCell.swift in Sources */ = {isa = PBXBuildFile; fileRef = 3818474F215BA64100ECA400 /* ImageCollectionViewCell.swift */; };
		38184752215BABBA00ECA400 /* Utilities.swift in Sources */ = {isa = PBXBuildFile; fileRef = 38184751215BABBA00ECA400 /* Utilities.swift */; };
		38994BAA215CC649005EA135 /* ImageGalleryTableViewController.swift in Sources */ = {isa = PBXBuildFile; fileRef = 38994BA9215CC649005EA135 /* ImageGalleryTableViewController.swift */; };
		38994BAC215CC6FA005EA135 /* GallerySplitViewController.swift in Sources */ = {isa = PBXBuildFile; fileRef = 38994BAB215CC6FA005EA135 /* GallerySplitViewController.swift */; };
		38994BAE215CCBC5005EA135 /* Gallery.swift in Sources */ = {isa = PBXBuildFile; fileRef = 38994BAD215CCBC5005EA135 /* Gallery.swift */; };
/* End PBXBuildFile section */

/* Begin PBXFileReference section */
		38184735215B8DA500ECA400 /* ImageGallery.app */ = {isa = PBXFileReference; explicitFileType = wrapper.application; includeInIndex = 0; path = ImageGallery.app; sourceTree = BUILT_PRODUCTS_DIR; };
		38184738215B8DA500ECA400 /* AppDelegate.swift */ = {isa = PBXFileReference; lastKnownFileType = sourcecode.swift; path = AppDelegate.swift; sourceTree = "<group>"; };
		3818473D215B8DA500ECA400 /* Base */ = {isa = PBXFileReference; lastKnownFileType = file.storyboard; name = Base; path = Base.lproj/Main.storyboard; sourceTree = "<group>"; };
		3818473F215B8DA700ECA400 /* Assets.xcassets */ = {isa = PBXFileReference; lastKnownFileType = folder.assetcatalog; path = Assets.xcassets; sourceTree = "<group>"; };
		38184742215B8DA700ECA400 /* Base */ = {isa = PBXFileReference; lastKnownFileType = file.storyboard; name = Base; path = Base.lproj/LaunchScreen.storyboard; sourceTree = "<group>"; };
		38184744215B8DA700ECA400 /* Info.plist */ = {isa = PBXFileReference; lastKnownFileType = text.plist.xml; path = Info.plist; sourceTree = "<group>"; };
		3818474B215B92DC00ECA400 /* ImageGalleryCollectionViewController.swift */ = {isa = PBXFileReference; lastKnownFileType = sourcecode.swift; path = ImageGalleryCollectionViewController.swift; sourceTree = "<group>"; };
		3818474D215B97FC00ECA400 /* GalleryImage.swift */ = {isa = PBXFileReference; lastKnownFileType = sourcecode.swift; path = GalleryImage.swift; sourceTree = "<group>"; };
		3818474F215BA64100ECA400 /* ImageCollectionViewCell.swift */ = {isa = PBXFileReference; lastKnownFileType = sourcecode.swift; path = ImageCollectionViewCell.swift; sourceTree = "<group>"; };
		38184751215BABBA00ECA400 /* Utilities.swift */ = {isa = PBXFileReference; lastKnownFileType = sourcecode.swift; path = Utilities.swift; sourceTree = "<group>"; };
		38994BA9215CC649005EA135 /* ImageGalleryTableViewController.swift */ = {isa = PBXFileReference; lastKnownFileType = sourcecode.swift; path = ImageGalleryTableViewController.swift; sourceTree = "<group>"; };
		38994BAB215CC6FA005EA135 /* GallerySplitViewController.swift */ = {isa = PBXFileReference; lastKnownFileType = sourcecode.swift; path = GallerySplitViewController.swift; sourceTree = "<group>"; };
		38994BAD215CCBC5005EA135 /* Gallery.swift */ = {isa = PBXFileReference; lastKnownFileType = sourcecode.swift; path = Gallery.swift; sourceTree = "<group>"; };
/* End PBXFileReference section */

/* Begin PBXFrameworksBuildPhase section */
		38184732215B8DA500ECA400 /* Frameworks */ = {
			isa = PBXFrameworksBuildPhase;
			buildActionMask = 2147483647;
			files = (
			);
			runOnlyForDeploymentPostprocessing = 0;
		};
/* End PBXFrameworksBuildPhase section */

/* Begin PBXGroup section */
		3818472C215B8DA500ECA400 = {
			isa = PBXGroup;
			children = (
				38184737215B8DA500ECA400 /* ImageGallery */,
				38184736215B8DA500ECA400 /* Products */,
			);
			sourceTree = "<group>";
		};
		38184736215B8DA500ECA400 /* Products */ = {
			isa = PBXGroup;
			children = (
				38184735215B8DA500ECA400 /* ImageGallery.app */,
			);
			name = Products;
			sourceTree = "<group>";
		};
		38184737215B8DA500ECA400 /* ImageGallery */ = {
			isa = PBXGroup;
			children = (
				3818474A215B8EC200ECA400 /* Supporting Files */,
				3818473C215B8DA500ECA400 /* Main.storyboard */,
				38994BA9215CC649005EA135 /* ImageGalleryTableViewController.swift */,
				38184744215B8DA700ECA400 /* Info.plist */,
				3818474B215B92DC00ECA400 /* ImageGalleryCollectionViewController.swift */,
				3818474D215B97FC00ECA400 /* GalleryImage.swift */,
				3818474F215BA64100ECA400 /* ImageCollectionViewCell.swift */,
				38184751215BABBA00ECA400 /* Utilities.swift */,
				38994BAB215CC6FA005EA135 /* GallerySplitViewController.swift */,
				38994BAD215CCBC5005EA135 /* Gallery.swift */,
			);
			path = ImageGallery;
			sourceTree = "<group>";
		};
		3818474A215B8EC200ECA400 /* Supporting Files */ = {
			isa = PBXGroup;
			children = (
				38184738215B8DA500ECA400 /* AppDelegate.swift */,
				3818473F215B8DA700ECA400 /* Assets.xcassets */,
				38184741215B8DA700ECA400 /* LaunchScreen.storyboard */,
			);
			path = "Supporting Files";
			sourceTree = "<group>";
		};
/* End PBXGroup section */

/* Begin PBXNativeTarget section */
		38184734215B8DA500ECA400 /* ImageGallery */ = {
			isa = PBXNativeTarget;
			buildConfigurationList = 38184747215B8DA700ECA400 /* Build configuration list for PBXNativeTarget "ImageGallery" */;
			buildPhases = (
				38184731215B8DA500ECA400 /* Sources */,
				38184732215B8DA500ECA400 /* Frameworks */,
				38184733215B8DA500ECA400 /* Resources */,
			);
			buildRules = (
			);
			dependencies = (
			);
			name = ImageGallery;
			productName = ImageGallery;
			productReference = 38184735215B8DA500ECA400 /* ImageGallery.app */;
			productType = "com.apple.product-type.application";
		};
/* End PBXNativeTarget section */

/* Begin PBXProject section */
		3818472D215B8DA500ECA400 /* Project object */ = {
			isa = PBXProject;
			attributes = {
				LastSwiftUpdateCheck = 0930;
				LastUpgradeCheck = 0930;
				ORGANIZATIONNAME = "Paula Boules";
				TargetAttributes = {
					38184734215B8DA500ECA400 = {
						CreatedOnToolsVersion = 9.3;
					};
				};
			};
			buildConfigurationList = 38184730215B8DA500ECA400 /* Build configuration list for PBXProject "ImageGallery" */;
			compatibilityVersion = "Xcode 9.3";
			developmentRegion = en;
			hasScannedForEncodings = 0;
			knownRegions = (
				en,
				Base,
			);
			mainGroup = 3818472C215B8DA500ECA400;
			productRefGroup = 38184736215B8DA500ECA400 /* Products */;
			projectDirPath = "";
			projectRoot = "";
			targets = (
				38184734215B8DA500ECA400 /* ImageGallery */,
			);
		};
/* End PBXProject section */

/* Begin PBXResourcesBuildPhase section */
		38184733215B8DA500ECA400 /* Resources */ = {
			isa = PBXResourcesBuildPhase;
			buildActionMask = 2147483647;
			files = (
				38184743215B8DA700ECA400 /* LaunchScreen.storyboard in Resources */,
				38184740215B8DA700ECA400 /* Assets.xcassets in Resources */,
				3818473E215B8DA500ECA400 /* Main.storyboard in Resources */,
			);
			runOnlyForDeploymentPostprocessing = 0;
		};
/* End PBXResourcesBuildPhase section */

/* Begin PBXSourcesBuildPhase section */
		38184731215B8DA500ECA400 /* Sources */ = {
			isa = PBXSourcesBuildPhase;
			buildActionMask = 2147483647;
			files = (
				38994BAE215CCBC5005EA135 /* Gallery.swift in Sources */,
				38184739215B8DA500ECA400 /* AppDelegate.swift in Sources */,
				3818474C215B92DC00ECA400 /* ImageGalleryCollectionViewController.swift in Sources */,
				38994BAA215CC649005EA135 /* ImageGalleryTableViewController.swift in Sources */,
				38184750215BA64100ECA400 /* ImageCollectionViewCell.swift in Sources */,
				38184752215BABBA00ECA400 /* Utilities.swift in Sources */,
				3818474E215B97FC00ECA400 /* GalleryImage.swift in Sources */,
				38994BAC215CC6FA005EA135 /* GallerySplitViewController.swift in Sources */,
			);
			runOnlyForDeploymentPostprocessing = 0;
		};
/* End PBXSourcesBuildPhase section */

/* Begin PBXVariantGroup section */
		3818473C215B8DA500ECA400 /* Main.storyboard */ = {
			isa = PBXVariantGroup;
			children = (
				3818473D215B8DA500ECA400 /* Base */,
			);
			name = Main.storyboard;
			sourceTree = "<group>";
		};
		38184741215B8DA700ECA400 /* LaunchScreen.storyboard */ = {
			isa = PBXVariantGroup;
			children = (
				38184742215B8DA700ECA400 /* Base */,
			);
			name = LaunchScreen.storyboard;
			sourceTree = "<group>";
		};
/* End PBXVariantGroup section */

/* Begin XCBuildConfiguration section */
		38184745215B8DA700ECA400 /* Debug */ = {
			isa = XCBuildConfiguration;
			buildSettings = {
				ALWAYS_SEARCH_USER_PATHS = NO;
				CLANG_ANALYZER_NONNULL = YES;
				CLANG_ANALYZER_NUMBER_OBJECT_CONVERSION = YES_AGGRESSIVE;
				CLANG_CXX_LANGUAGE_STANDARD = "gnu++14";
				CLANG_CXX_LIBRARY = "libc++";
				CLANG_ENABLE_MODULES = YES;
				CLANG_ENABLE_OBJC_ARC = YES;
				CLANG_ENABLE_OBJC_WEAK = YES;
				CLANG_WARN_BLOCK_CAPTURE_AUTORELEASING = YES;
				CLANG_WARN_BOOL_CONVERSION = YES;
				CLANG_WARN_COMMA = YES;
				CLANG_WARN_CONSTANT_CONVERSION = YES;
				CLANG_WARN_DEPRECATED_OBJC_IMPLEMENTATIONS = YES;
				CLANG_WARN_DIRECT_OBJC_ISA_USAGE = YES_ERROR;
				CLANG_WARN_DOCUMENTATION_COMMENTS = YES;
				CLANG_WARN_EMPTY_BODY = YES;
				CLANG_WARN_ENUM_CONVERSION = YES;
				CLANG_WARN_INFINITE_RECURSION = YES;
				CLANG_WARN_INT_CONVERSION = YES;
				CLANG_WARN_NON_LITERAL_NULL_CONVERSION = YES;
				CLANG_WARN_OBJC_IMPLICIT_RETAIN_SELF = YES;
				CLANG_WARN_OBJC_LITERAL_CONVERSION = YES;
				CLANG_WARN_OBJC_ROOT_CLASS = YES_ERROR;
				CLANG_WARN_RANGE_LOOP_ANALYSIS = YES;
				CLANG_WARN_STRICT_PROTOTYPES = YES;
				CLANG_WARN_SUSPICIOUS_MOVE = YES;
				CLANG_WARN_UNGUARDED_AVAILABILITY = YES_AGGRESSIVE;
				CLANG_WARN_UNREACHABLE_CODE = YES;
				CLANG_WARN__DUPLICATE_METHOD_MATCH = YES;
				CODE_SIGN_IDENTITY = "iPhone Developer";
				COPY_PHASE_STRIP = NO;
				DEBUG_INFORMATION_FORMAT = dwarf;
				ENABLE_STRICT_OBJC_MSGSEND = YES;
				ENABLE_TESTABILITY = YES;
				GCC_C_LANGUAGE_STANDARD = gnu11;
				GCC_DYNAMIC_NO_PIC = NO;
				GCC_NO_COMMON_BLOCKS = YES;
				GCC_OPTIMIZATION_LEVEL = 0;
				GCC_PREPROCESSOR_DEFINITIONS = (
					"DEBUG=1",
					"$(inherited)",
				);
				GCC_WARN_64_TO_32_BIT_CONVERSION = YES;
				GCC_WARN_ABOUT_RETURN_TYPE = YES_ERROR;
				GCC_WARN_UNDECLARED_SELECTOR = YES;
				GCC_WARN_UNINITIALIZED_AUTOS = YES_AGGRESSIVE;
				GCC_WARN_UNUSED_FUNCTION = YES;
				GCC_WARN_UNUSED_VARIABLE = YES;
				IPHONEOS_DEPLOYMENT_TARGET = 11.3;
				MTL_ENABLE_DEBUG_INFO = YES;
				ONLY_ACTIVE_ARCH = YES;
				SDKROOT = iphoneos;
				SWIFT_ACTIVE_COMPILATION_CONDITIONS = DEBUG;
				SWIFT_OPTIMIZATION_LEVEL = "-Onone";
			};
			name = Debug;
		};
		38184746215B8DA700ECA400 /* Release */ = {
			isa = XCBuildConfiguration;
			buildSettings = {
				ALWAYS_SEARCH_USER_PATHS = NO;
				CLANG_ANALYZER_NONNULL = YES;
				CLANG_ANALYZER_NUMBER_OBJECT_CONVERSION = YES_AGGRESSIVE;
				CLANG_CXX_LANGUAGE_STANDARD = "gnu++14";
				CLANG_CXX_LIBRARY = "libc++";
				CLANG_ENABLE_MODULES = YES;
				CLANG_ENABLE_OBJC_ARC = YES;
				CLANG_ENABLE_OBJC_WEAK = YES;
				CLANG_WARN_BLOCK_CAPTURE_AUTORELEASING = YES;
				CLANG_WARN_BOOL_CONVERSION = YES;
				CLANG_WARN_COMMA = YES;
				CLANG_WARN_CONSTANT_CONVERSION = YES;
				CLANG_WARN_DEPRECATED_OBJC_IMPLEMENTATIONS = YES;
				CLANG_WARN_DIRECT_OBJC_ISA_USAGE = YES_ERROR;
				CLANG_WARN_DOCUMENTATION_COMMENTS = YES;
				CLANG_WARN_EMPTY_BODY = YES;
				CLANG_WARN_ENUM_CONVERSION = YES;
				CLANG_WARN_INFINITE_RECURSION = YES;
				CLANG_WARN_INT_CONVERSION = YES;
				CLANG_WARN_NON_LITERAL_NULL_CONVERSION = YES;
				CLANG_WARN_OBJC_IMPLICIT_RETAIN_SELF = YES;
				CLANG_WARN_OBJC_LITERAL_CONVERSION = YES;
				CLANG_WARN_OBJC_ROOT_CLASS = YES_ERROR;
				CLANG_WARN_RANGE_LOOP_ANALYSIS = YES;
				CLANG_WARN_STRICT_PROTOTYPES = YES;
				CLANG_WARN_SUSPICIOUS_MOVE = YES;
				CLANG_WARN_UNGUARDED_AVAILABILITY = YES_AGGRESSIVE;
				CLANG_WARN_UNREACHABLE_CODE = YES;
				CLANG_WARN__DUPLICATE_METHOD_MATCH = YES;
				CODE_SIGN_IDENTITY = "iPhone Developer";
				COPY_PHASE_STRIP = NO;
				DEBUG_INFORMATION_FORMAT = "dwarf-with-dsym";
				ENABLE_NS_ASSERTIONS = NO;
				ENABLE_STRICT_OBJC_MSGSEND = YES;
				GCC_C_LANGUAGE_STANDARD = gnu11;
				GCC_NO_COMMON_BLOCKS = YES;
				GCC_WARN_64_TO_32_BIT_CONVERSION = YES;
				GCC_WARN_ABOUT_RETURN_TYPE = YES_ERROR;
				GCC_WARN_UNDECLARED_SELECTOR = YES;
				GCC_WARN_UNINITIALIZED_AUTOS = YES_AGGRESSIVE;
				GCC_WARN_UNUSED_FUNCTION = YES;
				GCC_WARN_UNUSED_VARIABLE = YES;
				IPHONEOS_DEPLOYMENT_TARGET = 11.3;
				MTL_ENABLE_DEBUG_INFO = NO;
				SDKROOT = iphoneos;
				SWIFT_COMPILATION_MODE = wholemodule;
				SWIFT_OPTIMIZATION_LEVEL = "-O";
				VALIDATE_PRODUCT = YES;
			};
			name = Release;
		};
		38184748215B8DA700ECA400 /* Debug */ = {
			isa = XCBuildConfiguration;
			buildSettings = {
				ASSETCATALOG_COMPILER_APPICON_NAME = AppIcon;
				CODE_SIGN_STYLE = Automatic;
				INFOPLIST_FILE = ImageGallery/Info.plist;
				LD_RUNPATH_SEARCH_PATHS = (
					"$(inherited)",
					"@executable_path/Frameworks",
				);
				PRODUCT_BUNDLE_IDENTIFIER = com.pharos.paula.ImageGallery;
				PRODUCT_NAME = "$(TARGET_NAME)";
				SWIFT_VERSION = 4.0;
				TARGETED_DEVICE_FAMILY = 2;
			};
			name = Debug;
		};
		38184749215B8DA700ECA400 /* Release */ = {
			isa = XCBuildConfiguration;
			buildSettings = {
				ASSETCATALOG_COMPILER_APPICON_NAME = AppIcon;
				CODE_SIGN_STYLE = Automatic;
				INFOPLIST_FILE = ImageGallery/Info.plist;
				LD_RUNPATH_SEARCH_PATHS = (
					"$(inherited)",
					"@executable_path/Frameworks",
				);
				PRODUCT_BUNDLE_IDENTIFIER = com.pharos.paula.ImageGallery;
				PRODUCT_NAME = "$(TARGET_NAME)";
				SWIFT_VERSION = 4.0;
				TARGETED_DEVICE_FAMILY = 2;
			};
			name = Release;
		};
/* End XCBuildConfiguration section */

/* Begin XCConfigurationList section */
		38184730215B8DA500ECA400 /* Build configuration list for PBXProject "ImageGallery" */ = {
			isa = XCConfigurationList;
			buildConfigurations = (
				38184745215B8DA700ECA400 /* Debug */,
				38184746215B8DA700ECA400 /* Release */,
			);
			defaultConfigurationIsVisible = 0;
			defaultConfigurationName = Release;
		};
		38184747215B8DA700ECA400 /* Build configuration list for PBXNativeTarget "ImageGallery" */ = {
			isa = XCConfigurationList;
			buildConfigurations = (
				38184748215B8DA700ECA400 /* Debug */,
				38184749215B8DA700ECA400 /* Release */,
			);
			defaultConfigurationIsVisible = 0;
			defaultConfigurationName = Release;
		};
/* End XCConfigurationList section */
	};
	rootObject = 3818472D215B8DA500ECA400 /* Project object */;
}
